
Microsoft Visual Studio Solution File, Format Version 12.00
# Visual Studio 2013
VisualStudioVersion = 12.0.40629.0
MinimumVisualStudioVersion = 10.0.40219.1
Project("{F2A71F9B-5D33-465A-A702-920D77279786}") = "AuthorDetection", "AuthorDetection.fsproj", "{C44C2B5B-3F3F-433C-B18A-6B50D55E225B}"
EndProject
Global
	GlobalSection(SolutionConfigurationPlatforms) = preSolution
		Debug|Any CPU = Debug|Any CPU
		Release|Any CPU = Release|Any CPU
	EndGlobalSection
	GlobalSection(ProjectConfigurationPlatforms) = postSolution
		{C44C2B5B-3F3F-433C-B18A-6B50D55E225B}.Debug|Any CPU.ActiveCfg = Debug|Any CPU
		{C44C2B5B-3F3F-433C-B18A-6B50D55E225B}.Debug|Any CPU.Build.0 = Debug|Any CPU
		{C44C2B5B-3F3F-433C-B18A-6B50D55E225B}.Release|Any CPU.ActiveCfg = Release|Any CPU
		{C44C2B5B-3F3F-433C-B18A-6B50D55E225B}.Release|Any CPU.Build.0 = Release|Any CPU
	EndGlobalSection
	GlobalSection(SolutionProperties) = preSolution
		HideSolutionNode = FALSE
	EndGlobalSection
EndGlobal
